// !$*UTF8*$!
{
	archiveVersion = 1;
	classes = {
	};
	objectVersion = 46;
	objects = {

/* Begin PBXBuildFile section */
		F75CC64C18E24AB200E77D5F /* Foundation.framework in Frameworks */ = {isa = PBXBuildFile; fileRef = F75CC64B18E24AB200E77D5F /* Foundation.framework */; };
		F75CC64E18E24AB200E77D5F /* CoreGraphics.framework in Frameworks */ = {isa = PBXBuildFile; fileRef = F75CC64D18E24AB200E77D5F /* CoreGraphics.framework */; };
		F75CC65018E24AB200E77D5F /* UIKit.framework in Frameworks */ = {isa = PBXBuildFile; fileRef = F75CC64F18E24AB200E77D5F /* UIKit.framework */; };
		F75CC65618E24AB200E77D5F /* InfoPlist.strings in Resources */ = {isa = PBXBuildFile; fileRef = F75CC65418E24AB200E77D5F /* InfoPlist.strings */; };
		F75CC65818E24AB200E77D5F /* main.m in Sources */ = {isa = PBXBuildFile; fileRef = F75CC65718E24AB200E77D5F /* main.m */; };
		F75CC65C18E24AB200E77D5F /* AppDelegate.m in Sources */ = {isa = PBXBuildFile; fileRef = F75CC65B18E24AB200E77D5F /* AppDelegate.m */; };
		F75CC65F18E24AB200E77D5F /* Main.storyboard in Resources */ = {isa = PBXBuildFile; fileRef = F75CC65D18E24AB200E77D5F /* Main.storyboard */; };
		F75CC66218E24AB200E77D5F /* ViewController.m in Sources */ = {isa = PBXBuildFile; fileRef = F75CC66118E24AB200E77D5F /* ViewController.m */; };
		F75CC66418E24AB200E77D5F /* Images.xcassets in Resources */ = {isa = PBXBuildFile; fileRef = F75CC66318E24AB200E77D5F /* Images.xcassets */; };
		F75CC66B18E24AB200E77D5F /* XCTest.framework in Frameworks */ = {isa = PBXBuildFile; fileRef = F75CC66A18E24AB200E77D5F /* XCTest.framework */; };
		F75CC66C18E24AB200E77D5F /* Foundation.framework in Frameworks */ = {isa = PBXBuildFile; fileRef = F75CC64B18E24AB200E77D5F /* Foundation.framework */; };
		F75CC66D18E24AB200E77D5F /* UIKit.framework in Frameworks */ = {isa = PBXBuildFile; fileRef = F75CC64F18E24AB200E77D5F /* UIKit.framework */; };
		F75CC67518E24AB200E77D5F /* InfoPlist.strings in Resources */ = {isa = PBXBuildFile; fileRef = F75CC67318E24AB200E77D5F /* InfoPlist.strings */; };
		F75CC67718E24AB200E77D5F /* TrackerAppTests.m in Sources */ = {isa = PBXBuildFile; fileRef = F75CC67618E24AB200E77D5F /* TrackerAppTests.m */; };
		F75CC68518E24C8700E77D5F /* WaypointCreationViewController.m in Sources */ = {isa = PBXBuildFile; fileRef = F75CC68418E24C8700E77D5F /* WaypointCreationViewController.m */; };
		F75CC68818E24DAB00E77D5F /* Waypoint.m in Sources */ = {isa = PBXBuildFile; fileRef = F75CC68718E24DAB00E77D5F /* Waypoint.m */; };
		F75CC68C18E252A600E77D5F /* WaypointManager.m in Sources */ = {isa = PBXBuildFile; fileRef = F75CC68B18E252A600E77D5F /* WaypointManager.m */; };
		F75CC68F18E2551D00E77D5F /* WaypointsMapViewController.m in Sources */ = {isa = PBXBuildFile; fileRef = F75CC68E18E2551D00E77D5F /* WaypointsMapViewController.m */; };
/* End PBXBuildFile section */

/* Begin PBXContainerItemProxy section */
		F75CC66E18E24AB200E77D5F /* PBXContainerItemProxy */ = {
			isa = PBXContainerItemProxy;
			containerPortal = F75CC64018E24AB200E77D5F /* Project object */;
			proxyType = 1;
			remoteGlobalIDString = F75CC64718E24AB200E77D5F;
			remoteInfo = TrackerApp;
		};
/* End PBXContainerItemProxy section */

/* Begin PBXFileReference section */
		F75CC64818E24AB200E77D5F /* TrackerApp.app */ = {isa = PBXFileReference; explicitFileType = wrapper.application; includeInIndex = 0; path = TrackerApp.app; sourceTree = BUILT_PRODUCTS_DIR; };
		F75CC64B18E24AB200E77D5F /* Foundation.framework */ = {isa = PBXFileReference; lastKnownFileType = wrapper.framework; name = Foundation.framework; path = System/Library/Frameworks/Foundation.framework; sourceTree = SDKROOT; };
		F75CC64D18E24AB200E77D5F /* CoreGraphics.framework */ = {isa = PBXFileReference; lastKnownFileType = wrapper.framework; name = CoreGraphics.framework; path = System/Library/Frameworks/CoreGraphics.framework; sourceTree = SDKROOT; };
		F75CC64F18E24AB200E77D5F /* UIKit.framework */ = {isa = PBXFileReference; lastKnownFileType = wrapper.framework; name = UIKit.framework; path = System/Library/Frameworks/UIKit.framework; sourceTree = SDKROOT; };
		F75CC65318E24AB200E77D5F /* TrackerApp-Info.plist */ = {isa = PBXFileReference; lastKnownFileType = text.plist.xml; path = "TrackerApp-Info.plist"; sourceTree = "<group>"; };
		F75CC65518E24AB200E77D5F /* en */ = {isa = PBXFileReference; lastKnownFileType = text.plist.strings; name = en; path = en.lproj/InfoPlist.strings; sourceTree = "<group>"; };
		F75CC65718E24AB200E77D5F /* main.m */ = {isa = PBXFileReference; lastKnownFileType = sourcecode.c.objc; path = main.m; sourceTree = "<group>"; };
		F75CC65918E24AB200E77D5F /* TrackerApp-Prefix.pch */ = {isa = PBXFileReference; lastKnownFileType = sourcecode.c.h; path = "TrackerApp-Prefix.pch"; sourceTree = "<group>"; };
		F75CC65A18E24AB200E77D5F /* AppDelegate.h */ = {isa = PBXFileReference; lastKnownFileType = sourcecode.c.h; path = AppDelegate.h; sourceTree = "<group>"; };
		F75CC65B18E24AB200E77D5F /* AppDelegate.m */ = {isa = PBXFileReference; lastKnownFileType = sourcecode.c.objc; path = AppDelegate.m; sourceTree = "<group>"; };
		F75CC65E18E24AB200E77D5F /* Base */ = {isa = PBXFileReference; lastKnownFileType = file.storyboard; name = Base; path = Base.lproj/Main.storyboard; sourceTree = "<group>"; };
		F75CC66018E24AB200E77D5F /* ViewController.h */ = {isa = PBXFileReference; lastKnownFileType = sourcecode.c.h; path = ViewController.h; sourceTree = "<group>"; };
		F75CC66118E24AB200E77D5F /* ViewController.m */ = {isa = PBXFileReference; lastKnownFileType = sourcecode.c.objc; path = ViewController.m; sourceTree = "<group>"; };
		F75CC66318E24AB200E77D5F /* Images.xcassets */ = {isa = PBXFileReference; lastKnownFileType = folder.assetcatalog; path = Images.xcassets; sourceTree = "<group>"; };
		F75CC66918E24AB200E77D5F /* TrackerAppTests.xctest */ = {isa = PBXFileReference; explicitFileType = wrapper.cfbundle; includeInIndex = 0; path = TrackerAppTests.xctest; sourceTree = BUILT_PRODUCTS_DIR; };
		F75CC66A18E24AB200E77D5F /* XCTest.framework */ = {isa = PBXFileReference; lastKnownFileType = wrapper.framework; name = XCTest.framework; path = Library/Frameworks/XCTest.framework; sourceTree = DEVELOPER_DIR; };
		F75CC67218E24AB200E77D5F /* TrackerAppTests-Info.plist */ = {isa = PBXFileReference; lastKnownFileType = text.plist.xml; path = "TrackerAppTests-Info.plist"; sourceTree = "<group>"; };
		F75CC67418E24AB200E77D5F /* en */ = {isa = PBXFileReference; lastKnownFileType = text.plist.strings; name = en; path = en.lproj/InfoPlist.strings; sourceTree = "<group>"; };
		F75CC67618E24AB200E77D5F /* TrackerAppTests.m */ = {isa = PBXFileReference; lastKnownFileType = sourcecode.c.objc; path = TrackerAppTests.m; sourceTree = "<group>"; };
		F75CC68318E24C8700E77D5F /* WaypointCreationViewController.h */ = {isa = PBXFileReference; fileEncoding = 4; lastKnownFileType = sourcecode.c.h; path = WaypointCreationViewController.h; sourceTree = "<group>"; };
		F75CC68418E24C8700E77D5F /* WaypointCreationViewController.m */ = {isa = PBXFileReference; fileEncoding = 4; lastKnownFileType = sourcecode.c.objc; path = WaypointCreationViewController.m; sourceTree = "<group>"; };
		F75CC68618E24DAB00E77D5F /* Waypoint.h */ = {isa = PBXFileReference; fileEncoding = 4; lastKnownFileType = sourcecode.c.h; path = Waypoint.h; sourceTree = "<group>"; };
		F75CC68718E24DAB00E77D5F /* Waypoint.m */ = {isa = PBXFileReference; fileEncoding = 4; lastKnownFileType = sourcecode.c.objc; path = Waypoint.m; sourceTree = "<group>"; };
		F75CC68A18E252A600E77D5F /* WaypointManager.h */ = {isa = PBXFileReference; fileEncoding = 4; lastKnownFileType = sourcecode.c.h; path = WaypointManager.h; sourceTree = "<group>"; };
		F75CC68B18E252A600E77D5F /* WaypointManager.m */ = {isa = PBXFileReference; fileEncoding = 4; lastKnownFileType = sourcecode.c.objc; path = WaypointManager.m; sourceTree = "<group>"; };
		F75CC68D18E2551D00E77D5F /* WaypointsMapViewController.h */ = {isa = PBXFileReference; fileEncoding = 4; lastKnownFileType = sourcecode.c.h; path = WaypointsMapViewController.h; sourceTree = "<group>"; };
		F75CC68E18E2551D00E77D5F /* WaypointsMapViewController.m */ = {isa = PBXFileReference; fileEncoding = 4; lastKnownFileType = sourcecode.c.objc; path = WaypointsMapViewController.m; sourceTree = "<group>"; };
/* End PBXFileReference section */

/* Begin PBXFrameworksBuildPhase section */
		F75CC64518E24AB200E77D5F /* Frameworks */ = {
			isa = PBXFrameworksBuildPhase;
			buildActionMask = 2147483647;
			files = (
				F75CC64E18E24AB200E77D5F /* CoreGraphics.framework in Frameworks */,
				F75CC65018E24AB200E77D5F /* UIKit.framework in Frameworks */,
				F75CC64C18E24AB200E77D5F /* Foundation.framework in Frameworks */,
			);
			runOnlyForDeploymentPostprocessing = 0;
		};
		F75CC66618E24AB200E77D5F /* Frameworks */ = {
			isa = PBXFrameworksBuildPhase;
			buildActionMask = 2147483647;
			files = (
				F75CC66B18E24AB200E77D5F /* XCTest.framework in Frameworks */,
				F75CC66D18E24AB200E77D5F /* UIKit.framework in Frameworks */,
				F75CC66C18E24AB200E77D5F /* Foundation.framework in Frameworks */,
			);
			runOnlyForDeploymentPostprocessing = 0;
		};
/* End PBXFrameworksBuildPhase section */

/* Begin PBXGroup section */
		F75CC63F18E24AB200E77D5F = {
			isa = PBXGroup;
			children = (
				F75CC65D18E24AB200E77D5F /* Main.storyboard */,
				F75CC65118E24AB200E77D5F /* TrackerApp */,
				F75CC67018E24AB200E77D5F /* TrackerAppTests */,
				F75CC64A18E24AB200E77D5F /* Frameworks */,
				F75CC64918E24AB200E77D5F /* Products */,
			);
			sourceTree = "<group>";
		};
		F75CC64918E24AB200E77D5F /* Products */ = {
			isa = PBXGroup;
			children = (
				F75CC64818E24AB200E77D5F /* TrackerApp.app */,
				F75CC66918E24AB200E77D5F /* TrackerAppTests.xctest */,
			);
			name = Products;
			sourceTree = "<group>";
		};
		F75CC64A18E24AB200E77D5F /* Frameworks */ = {
			isa = PBXGroup;
			children = (
				F75CC64B18E24AB200E77D5F /* Foundation.framework */,
				F75CC64D18E24AB200E77D5F /* CoreGraphics.framework */,
				F75CC64F18E24AB200E77D5F /* UIKit.framework */,
				F75CC66A18E24AB200E77D5F /* XCTest.framework */,
			);
			name = Frameworks;
			sourceTree = "<group>";
		};
		F75CC65118E24AB200E77D5F /* TrackerApp */ = {
			isa = PBXGroup;
			children = (
				F75CC68918E2529400E77D5F /* Utilities */,
				F75CC65A18E24AB200E77D5F /* AppDelegate.h */,
				F75CC65B18E24AB200E77D5F /* AppDelegate.m */,
				F75CC68218E24AD900E77D5F /* Controller */,
				F75CC68118E24AD300E77D5F /* View */,
				F75CC68018E24ACE00E77D5F /* Model */,
				F75CC66318E24AB200E77D5F /* Images.xcassets */,
				F75CC65218E24AB200E77D5F /* Supporting Files */,
			);
			path = TrackerApp;
			sourceTree = "<group>";
		};
		F75CC65218E24AB200E77D5F /* Supporting Files */ = {
			isa = PBXGroup;
			children = (
				F75CC65318E24AB200E77D5F /* TrackerApp-Info.plist */,
				F75CC65418E24AB200E77D5F /* InfoPlist.strings */,
				F75CC65718E24AB200E77D5F /* main.m */,
				F75CC65918E24AB200E77D5F /* TrackerApp-Prefix.pch */,
			);
			name = "Supporting Files";
			sourceTree = "<group>";
		};
		F75CC67018E24AB200E77D5F /* TrackerAppTests */ = {
			isa = PBXGroup;
			children = (
				F75CC67618E24AB200E77D5F /* TrackerAppTests.m */,
				F75CC67118E24AB200E77D5F /* Supporting Files */,
			);
			path = TrackerAppTests;
			sourceTree = "<group>";
		};
		F75CC67118E24AB200E77D5F /* Supporting Files */ = {
			isa = PBXGroup;
			children = (
				F75CC67218E24AB200E77D5F /* TrackerAppTests-Info.plist */,
				F75CC67318E24AB200E77D5F /* InfoPlist.strings */,
			);
			name = "Supporting Files";
			sourceTree = "<group>";
		};
		F75CC68018E24ACE00E77D5F /* Model */ = {
			isa = PBXGroup;
			children = (
				F75CC68618E24DAB00E77D5F /* Waypoint.h */,
				F75CC68718E24DAB00E77D5F /* Waypoint.m */,
			);
			name = Model;
			sourceTree = "<group>";
		};
		F75CC68118E24AD300E77D5F /* View */ = {
			isa = PBXGroup;
			children = (
			);
			name = View;
			sourceTree = "<group>";
		};
		F75CC68218E24AD900E77D5F /* Controller */ = {
			isa = PBXGroup;
			children = (
				F75CC66018E24AB200E77D5F /* ViewController.h */,
				F75CC66118E24AB200E77D5F /* ViewController.m */,
				F75CC68318E24C8700E77D5F /* WaypointCreationViewController.h */,
				F75CC68418E24C8700E77D5F /* WaypointCreationViewController.m */,
				F75CC68D18E2551D00E77D5F /* WaypointsMapViewController.h */,
				F75CC68E18E2551D00E77D5F /* WaypointsMapViewController.m */,
			);
			name = Controller;
			sourceTree = "<group>";
		};
		F75CC68918E2529400E77D5F /* Utilities */ = {
			isa = PBXGroup;
			children = (
				F75CC68A18E252A600E77D5F /* WaypointManager.h */,
				F75CC68B18E252A600E77D5F /* WaypointManager.m */,
			);
			name = Utilities;
			sourceTree = "<group>";
		};
/* End PBXGroup section */

/* Begin PBXNativeTarget section */
		F75CC64718E24AB200E77D5F /* TrackerApp */ = {
			isa = PBXNativeTarget;
			buildConfigurationList = F75CC67A18E24AB200E77D5F /* Build configuration list for PBXNativeTarget "TrackerApp" */;
			buildPhases = (
				F75CC64418E24AB200E77D5F /* Sources */,
				F75CC64518E24AB200E77D5F /* Frameworks */,
				F75CC64618E24AB200E77D5F /* Resources */,
			);
			buildRules = (
			);
			dependencies = (
			);
			name = TrackerApp;
			productName = TrackerApp;
			productReference = F75CC64818E24AB200E77D5F /* TrackerApp.app */;
			productType = "com.apple.product-type.application";
		};
		F75CC66818E24AB200E77D5F /* TrackerAppTests */ = {
			isa = PBXNativeTarget;
			buildConfigurationList = F75CC67D18E24AB200E77D5F /* Build configuration list for PBXNativeTarget "TrackerAppTests" */;
			buildPhases = (
				F75CC66518E24AB200E77D5F /* Sources */,
				F75CC66618E24AB200E77D5F /* Frameworks */,
				F75CC66718E24AB200E77D5F /* Resources */,
			);
			buildRules = (
			);
			dependencies = (
				F75CC66F18E24AB200E77D5F /* PBXTargetDependency */,
			);
			name = TrackerAppTests;
			productName = TrackerAppTests;
			productReference = F75CC66918E24AB200E77D5F /* TrackerAppTests.xctest */;
			productType = "com.apple.product-type.bundle.unit-test";
		};
/* End PBXNativeTarget section */

/* Begin PBXProject section */
		F75CC64018E24AB200E77D5F /* Project object */ = {
			isa = PBXProject;
			attributes = {
				LastUpgradeCheck = 0510;
				ORGANIZATIONNAME = FlyinGeek;
				TargetAttributes = {
					F75CC66818E24AB200E77D5F = {
						TestTargetID = F75CC64718E24AB200E77D5F;
					};
				};
			};
			buildConfigurationList = F75CC64318E24AB200E77D5F /* Build configuration list for PBXProject "TrackerApp" */;
			compatibilityVersion = "Xcode 3.2";
			developmentRegion = English;
			hasScannedForEncodings = 0;
			knownRegions = (
				en,
				Base,
			);
			mainGroup = F75CC63F18E24AB200E77D5F;
			productRefGroup = F75CC64918E24AB200E77D5F /* Products */;
			projectDirPath = "";
			projectRoot = "";
			targets = (
				F75CC64718E24AB200E77D5F /* TrackerApp */,
				F75CC66818E24AB200E77D5F /* TrackerAppTests */,
			);
		};
/* End PBXProject section */

/* Begin PBXResourcesBuildPhase section */
		F75CC64618E24AB200E77D5F /* Resources */ = {
			isa = PBXResourcesBuildPhase;
			buildActionMask = 2147483647;
			files = (
				F75CC66418E24AB200E77D5F /* Images.xcassets in Resources */,
				F75CC65618E24AB200E77D5F /* InfoPlist.strings in Resources */,
				F75CC65F18E24AB200E77D5F /* Main.storyboard in Resources */,
			);
			runOnlyForDeploymentPostprocessing = 0;
		};
		F75CC66718E24AB200E77D5F /* Resources */ = {
			isa = PBXResourcesBuildPhase;
			buildActionMask = 2147483647;
			files = (
				F75CC67518E24AB200E77D5F /* InfoPlist.strings in Resources */,
			);
			runOnlyForDeploymentPostprocessing = 0;
		};
/* End PBXResourcesBuildPhase section */

/* Begin PBXSourcesBuildPhase section */
		F75CC64418E24AB200E77D5F /* Sources */ = {
			isa = PBXSourcesBuildPhase;
			buildActionMask = 2147483647;
			files = (
				F75CC68518E24C8700E77D5F /* WaypointCreationViewController.m in Sources */,
				F75CC68818E24DAB00E77D5F /* Waypoint.m in Sources */,
				F75CC68C18E252A600E77D5F /* WaypointManager.m in Sources */,
				F75CC66218E24AB200E77D5F /* ViewController.m in Sources */,
				F75CC65C18E24AB200E77D5F /* AppDelegate.m in Sources */,
				F75CC68F18E2551D00E77D5F /* WaypointsMapViewController.m in Sources */,
				F75CC65818E24AB200E77D5F /* main.m in Sources */,
			);
			runOnlyForDeploymentPostprocessing = 0;
		};
		F75CC66518E24AB200E77D5F /* Sources */ = {
			isa = PBXSourcesBuildPhase;
			buildActionMask = 2147483647;
			files = (
				F75CC67718E24AB200E77D5F /* TrackerAppTests.m in Sources */,
			);
			runOnlyForDeploymentPostprocessing = 0;
		};
/* End PBXSourcesBuildPhase section */

/* Begin PBXTargetDependency section */
		F75CC66F18E24AB200E77D5F /* PBXTargetDependency */ = {
			isa = PBXTargetDependency;
			target = F75CC64718E24AB200E77D5F /* TrackerApp */;
			targetProxy = F75CC66E18E24AB200E77D5F /* PBXContainerItemProxy */;
		};
/* End PBXTargetDependency section */

/* Begin PBXVariantGroup section */
		F75CC65418E24AB200E77D5F /* InfoPlist.strings */ = {
			isa = PBXVariantGroup;
			children = (
				F75CC65518E24AB200E77D5F /* en */,
			);
			name = InfoPlist.strings;
			sourceTree = "<group>";
		};
		F75CC65D18E24AB200E77D5F /* Main.storyboard */ = {
			isa = PBXVariantGroup;
			children = (
				F75CC65E18E24AB200E77D5F /* Base */,
			);
			name = Main.storyboard;
			path = TrackerApp;
			sourceTree = "<group>";
		};
		F75CC67318E24AB200E77D5F /* InfoPlist.strings */ = {
			isa = PBXVariantGroup;
			children = (
				F75CC67418E24AB200E77D5F /* en */,
			);
			name = InfoPlist.strings;
			sourceTree = "<group>";
		};
/* End PBXVariantGroup section */

/* Begin XCBuildConfiguration section */
		F75CC67818E24AB200E77D5F /* Debug */ = {
			isa = XCBuildConfiguration;
			buildSettings = {
				ALWAYS_SEARCH_USER_PATHS = NO;
				CLANG_CXX_LANGUAGE_STANDARD = "gnu++0x";
				CLANG_CXX_LIBRARY = "libc++";
				CLANG_ENABLE_MODULES = YES;
				CLANG_ENABLE_OBJC_ARC = YES;
				CLANG_WARN_BOOL_CONVERSION = YES;
				CLANG_WARN_CONSTANT_CONVERSION = YES;
				CLANG_WARN_DIRECT_OBJC_ISA_USAGE = YES_ERROR;
				CLANG_WARN_EMPTY_BODY = YES;
				CLANG_WARN_ENUM_CONVERSION = YES;
				CLANG_WARN_INT_CONVERSION = YES;
				CLANG_WARN_OBJC_ROOT_CLASS = YES_ERROR;
				CLANG_WARN__DUPLICATE_METHOD_MATCH = YES;
				"CODE_SIGN_IDENTITY[sdk=iphoneos*]" = "iPhone Developer";
				COPY_PHASE_STRIP = NO;
				GCC_C_LANGUAGE_STANDARD = gnu99;
				GCC_DYNAMIC_NO_PIC = NO;
				GCC_OPTIMIZATION_LEVEL = 0;
				GCC_PREPROCESSOR_DEFINITIONS = (
					"DEBUG=1",
					"$(inherited)",
				);
				GCC_SYMBOLS_PRIVATE_EXTERN = NO;
				GCC_WARN_64_TO_32_BIT_CONVERSION = YES;
				GCC_WARN_ABOUT_RETURN_TYPE = YES_ERROR;
				GCC_WARN_UNDECLARED_SELECTOR = YES;
				GCC_WARN_UNINITIALIZED_AUTOS = YES_AGGRESSIVE;
				GCC_WARN_UNUSED_FUNCTION = YES;
				GCC_WARN_UNUSED_VARIABLE = YES;
				IPHONEOS_DEPLOYMENT_TARGET = 7.1;
				ONLY_ACTIVE_ARCH = YES;
				SDKROOT = iphoneos;
			};
			name = Debug;
		};
		F75CC67918E24AB200E77D5F /* Release */ = {
			isa = XCBuildConfiguration;
			buildSettings = {
				ALWAYS_SEARCH_USER_PATHS = NO;
				CLANG_CXX_LANGUAGE_STANDARD = "gnu++0x";
				CLANG_CXX_LIBRARY = "libc++";
				CLANG_ENABLE_MODULES = YES;
				CLANG_ENABLE_OBJC_ARC = YES;
				CLANG_WARN_BOOL_CONVERSION = YES;
				CLANG_WARN_CONSTANT_CONVERSION = YES;
				CLANG_WARN_DIRECT_OBJC_ISA_USAGE = YES_ERROR;
				CLANG_WARN_EMPTY_BODY = YES;
				CLANG_WARN_ENUM_CONVERSION = YES;
				CLANG_WARN_INT_CONVERSION = YES;
				CLANG_WARN_OBJC_ROOT_CLASS = YES_ERROR;
				CLANG_WARN__DUPLICATE_METHOD_MATCH = YES;
				"CODE_SIGN_IDENTITY[sdk=iphoneos*]" = "iPhone Developer";
				COPY_PHASE_STRIP = YES;
				ENABLE_NS_ASSERTIONS = NO;
				GCC_C_LANGUAGE_STANDARD = gnu99;
				GCC_WARN_64_TO_32_BIT_CONVERSION = YES;
				GCC_WARN_ABOUT_RETURN_TYPE = YES_ERROR;
				GCC_WARN_UNDECLARED_SELECTOR = YES;
				GCC_WARN_UNINITIALIZED_AUTOS = YES_AGGRESSIVE;
				GCC_WARN_UNUSED_FUNCTION = YES;
				GCC_WARN_UNUSED_VARIABLE = YES;
				IPHONEOS_DEPLOYMENT_TARGET = 7.1;
				SDKROOT = iphoneos;
				VALIDATE_PRODUCT = YES;
			};
			name = Release;
		};
		F75CC67B18E24AB200E77D5F /* Debug */ = {
			isa = XCBuildConfiguration;
			buildSettings = {
				ASSETCATALOG_COMPILER_APPICON_NAME = AppIcon;
				ASSETCATALOG_COMPILER_LAUNCHIMAGE_NAME = LaunchImage;
				GCC_PRECOMPILE_PREFIX_HEADER = YES;
				GCC_PREFIX_HEADER = "TrackerApp/TrackerApp-Prefix.pch";
				INFOPLIST_FILE = "TrackerApp/TrackerApp-Info.plist";
				PRODUCT_NAME = "$(TARGET_NAME)";
				WRAPPER_EXTENSION = app;
			};
			name = Debug;
		};
		F75CC67C18E24AB200E77D5F /* Release */ = {
			isa = XCBuildConfiguration;
			buildSettings = {
				ASSETCATALOG_COMPILER_APPICON_NAME = AppIcon;
				ASSETCATALOG_COMPILER_LAUNCHIMAGE_NAME = LaunchImage;
				GCC_PRECOMPILE_PREFIX_HEADER = YES;
				GCC_PREFIX_HEADER = "TrackerApp/TrackerApp-Prefix.pch";
				INFOPLIST_FILE = "TrackerApp/TrackerApp-Info.plist";
				PRODUCT_NAME = "$(TARGET_NAME)";
				WRAPPER_EXTENSION = app;
			};
			name = Release;
		};
		F75CC67E18E24AB200E77D5F /* Debug */ = {
			isa = XCBuildConfiguration;
			buildSettings = {
				BUNDLE_LOADER = "$(BUILT_PRODUCTS_DIR)/TrackerApp.app/TrackerApp";
				FRAMEWORK_SEARCH_PATHS = (
					"$(SDKROOT)/Developer/Library/Frameworks",
					"$(inherited)",
					"$(DEVELOPER_FRAMEWORKS_DIR)",
				);
				GCC_PRECOMPILE_PREFIX_HEADER = YES;
				GCC_PREFIX_HEADER = "TrackerApp/TrackerApp-Prefix.pch";
				GCC_PREPROCESSOR_DEFINITIONS = (
					"DEBUG=1",
					"$(inherited)",
				);
				INFOPLIST_FILE = "TrackerAppTests/TrackerAppTests-Info.plist";
				PRODUCT_NAME = "$(TARGET_NAME)";
				TEST_HOST = "$(BUNDLE_LOADER)";
				WRAPPER_EXTENSION = xctest;
			};
			name = Debug;
		};
		F75CC67F18E24AB200E77D5F /* Release */ = {
			isa = XCBuildConfiguration;
			buildSettings = {
				BUNDLE_LOADER = "$(BUILT_PRODUCTS_DIR)/TrackerApp.app/TrackerApp";
				FRAMEWORK_SEARCH_PATHS = (
					"$(SDKROOT)/Developer/Library/Frameworks",
					"$(inherited)",
					"$(DEVELOPER_FRAMEWORKS_DIR)",
				);
				GCC_PRECOMPILE_PREFIX_HEADER = YES;
				GCC_PREFIX_HEADER = "TrackerApp/TrackerApp-Prefix.pch";
				INFOPLIST_FILE = "TrackerAppTests/TrackerAppTests-Info.plist";
				PRODUCT_NAME = "$(TARGET_NAME)";
				TEST_HOST = "$(BUNDLE_LOADER)";
				WRAPPER_EXTENSION = xctest;
			};
			name = Release;
		};
/* End XCBuildConfiguration section */

/* Begin XCConfigurationList section */
		F75CC64318E24AB200E77D5F /* Build configuration list for PBXProject "TrackerApp" */ = {
			isa = XCConfigurationList;
			buildConfigurations = (
				F75CC67818E24AB200E77D5F /* Debug */,
				F75CC67918E24AB200E77D5F /* Release */,
			);
			defaultConfigurationIsVisible = 0;
			defaultConfigurationName = Release;
		};
		F75CC67A18E24AB200E77D5F /* Build configuration list for PBXNativeTarget "TrackerApp" */ = {
			isa = XCConfigurationList;
			buildConfigurations = (
				F75CC67B18E24AB200E77D5F /* Debug */,
				F75CC67C18E24AB200E77D5F /* Release */,
			);
			defaultConfigurationIsVisible = 0;
		};
		F75CC67D18E24AB200E77D5F /* Build configuration list for PBXNativeTarget "TrackerAppTests" */ = {
			isa = XCConfigurationList;
			buildConfigurations = (
				F75CC67E18E24AB200E77D5F /* Debug */,
				F75CC67F18E24AB200E77D5F /* Release */,
			);
			defaultConfigurationIsVisible = 0;
		};
/* End XCConfigurationList section */
	};
	rootObject = F75CC64018E24AB200E77D5F /* Project object */;
}
